// !$*UTF8*$!
{
	archiveVersion = 1;
	classes = {
	};
	objectVersion = 56;
	objects = {

/* Begin PBXBuildFile section */
		F6AAD22A296AFF0600735026 /* AtoZApp.swift in Sources */ = {isa = PBXBuildFile; fileRef = F6AAD229296AFF0600735026 /* AtoZApp.swift */; };
		F6AAD22C296AFF0600735026 /* ContentView.swift in Sources */ = {isa = PBXBuildFile; fileRef = F6AAD22B296AFF0600735026 /* ContentView.swift */; };
		F6AAD22E296AFF0700735026 /* Assets.xcassets in Resources */ = {isa = PBXBuildFile; fileRef = F6AAD22D296AFF0700735026 /* Assets.xcassets */; };
		F6AAD231296AFF0700735026 /* Preview Assets.xcassets in Resources */ = {isa = PBXBuildFile; fileRef = F6AAD230296AFF0700735026 /* Preview Assets.xcassets */; };
		F6AAD23B296AFF0800735026 /* AtoZTests.swift in Sources */ = {isa = PBXBuildFile; fileRef = F6AAD23A296AFF0800735026 /* AtoZTests.swift */; };
		F6AAD245296AFF0800735026 /* AtoZUITests.swift in Sources */ = {isa = PBXBuildFile; fileRef = F6AAD244296AFF0800735026 /* AtoZUITests.swift */; };
		F6AAD247296AFF0800735026 /* AtoZUITestsLaunchTests.swift in Sources */ = {isa = PBXBuildFile; fileRef = F6AAD246296AFF0800735026 /* AtoZUITestsLaunchTests.swift */; };
/* End PBXBuildFile section */

/* Begin PBXContainerItemProxy section */
		F6AAD237296AFF0800735026 /* PBXContainerItemProxy */ = {
			isa = PBXContainerItemProxy;
			containerPortal = F6AAD21E296AFF0600735026 /* Project object */;
			proxyType = 1;
			remoteGlobalIDString = F6AAD225296AFF0600735026;
			remoteInfo = AtoZ;
		};
		F6AAD241296AFF0800735026 /* PBXContainerItemProxy */ = {
			isa = PBXContainerItemProxy;
			containerPortal = F6AAD21E296AFF0600735026 /* Project object */;
			proxyType = 1;
			remoteGlobalIDString = F6AAD225296AFF0600735026;
			remoteInfo = AtoZ;
		};
/* End PBXContainerItemProxy section */

/* Begin PBXFileReference section */
		F6AAD226296AFF0600735026 /* AtoZ.app */ = {isa = PBXFileReference; explicitFileType = wrapper.application; includeInIndex = 0; path = AtoZ.app; sourceTree = BUILT_PRODUCTS_DIR; };
		F6AAD229296AFF0600735026 /* AtoZApp.swift */ = {isa = PBXFileReference; lastKnownFileType = sourcecode.swift; path = AtoZApp.swift; sourceTree = "<group>"; };
		F6AAD22B296AFF0600735026 /* ContentView.swift */ = {isa = PBXFileReference; lastKnownFileType = sourcecode.swift; path = ContentView.swift; sourceTree = "<group>"; };
		F6AAD22D296AFF0700735026 /* Assets.xcassets */ = {isa = PBXFileReference; lastKnownFileType = folder.assetcatalog; path = Assets.xcassets; sourceTree = "<group>"; };
		F6AAD230296AFF0700735026 /* Preview Assets.xcassets */ = {isa = PBXFileReference; lastKnownFileType = folder.assetcatalog; path = "Preview Assets.xcassets"; sourceTree = "<group>"; };
		F6AAD236296AFF0800735026 /* AtoZTests.xctest */ = {isa = PBXFileReference; explicitFileType = wrapper.cfbundle; includeInIndex = 0; path = AtoZTests.xctest; sourceTree = BUILT_PRODUCTS_DIR; };
		F6AAD23A296AFF0800735026 /* AtoZTests.swift */ = {isa = PBXFileReference; lastKnownFileType = sourcecode.swift; path = AtoZTests.swift; sourceTree = "<group>"; };
		F6AAD240296AFF0800735026 /* AtoZUITests.xctest */ = {isa = PBXFileReference; explicitFileType = wrapper.cfbundle; includeInIndex = 0; path = AtoZUITests.xctest; sourceTree = BUILT_PRODUCTS_DIR; };
		F6AAD244296AFF0800735026 /* AtoZUITests.swift */ = {isa = PBXFileReference; lastKnownFileType = sourcecode.swift; path = AtoZUITests.swift; sourceTree = "<group>"; };
		F6AAD246296AFF0800735026 /* AtoZUITestsLaunchTests.swift */ = {isa = PBXFileReference; lastKnownFileType = sourcecode.swift; path = AtoZUITestsLaunchTests.swift; sourceTree = "<group>"; };
/* End PBXFileReference section */

/* Begin PBXFrameworksBuildPhase section */
		F6AAD223296AFF0600735026 /* Frameworks */ = {
			isa = PBXFrameworksBuildPhase;
			buildActionMask = 2147483647;
			files = (
			);
			runOnlyForDeploymentPostprocessing = 0;
		};
		F6AAD233296AFF0800735026 /* Frameworks */ = {
			isa = PBXFrameworksBuildPhase;
			buildActionMask = 2147483647;
			files = (
			);
			runOnlyForDeploymentPostprocessing = 0;
		};
		F6AAD23D296AFF0800735026 /* Frameworks */ = {
			isa = PBXFrameworksBuildPhase;
			buildActionMask = 2147483647;
			files = (
			);
			runOnlyForDeploymentPostprocessing = 0;
		};
/* End PBXFrameworksBuildPhase section */

/* Begin PBXGroup section */
		F6AAD21D296AFF0600735026 = {
			isa = PBXGroup;
			children = (
				F6AAD228296AFF0600735026 /* AtoZ */,
				F6AAD239296AFF0800735026 /* AtoZTests */,
				F6AAD243296AFF0800735026 /* AtoZUITests */,
				F6AAD227296AFF0600735026 /* Products */,
			);
			sourceTree = "<group>";
		};
		F6AAD227296AFF0600735026 /* Products */ = {
			isa = PBXGroup;
			children = (
				F6AAD226296AFF0600735026 /* AtoZ.app */,
				F6AAD236296AFF0800735026 /* AtoZTests.xctest */,
				F6AAD240296AFF0800735026 /* AtoZUITests.xctest */,
			);
			name = Products;
			sourceTree = "<group>";
		};
		F6AAD228296AFF0600735026 /* AtoZ */ = {
			isa = PBXGroup;
			children = (
				F6AAD229296AFF0600735026 /* AtoZApp.swift */,
				F6AAD22B296AFF0600735026 /* ContentView.swift */,
				F6AAD22D296AFF0700735026 /* Assets.xcassets */,
				F6AAD22F296AFF0700735026 /* Preview Content */,
			);
			path = AtoZ;
			sourceTree = "<group>";
		};
		F6AAD22F296AFF0700735026 /* Preview Content */ = {
			isa = PBXGroup;
			children = (
				F6AAD230296AFF0700735026 /* Preview Assets.xcassets */,
			);
			path = "Preview Content";
			sourceTree = "<group>";
		};
		F6AAD239296AFF0800735026 /* AtoZTests */ = {
			isa = PBXGroup;
			children = (
				F6AAD23A296AFF0800735026 /* AtoZTests.swift */,
			);
			path = AtoZTests;
			sourceTree = "<group>";
		};
		F6AAD243296AFF0800735026 /* AtoZUITests */ = {
			isa = PBXGroup;
			children = (
				F6AAD244296AFF0800735026 /* AtoZUITests.swift */,
				F6AAD246296AFF0800735026 /* AtoZUITestsLaunchTests.swift */,
			);
			path = AtoZUITests;
			sourceTree = "<group>";
		};
/* End PBXGroup section */

/* Begin PBXNativeTarget section */
		F6AAD225296AFF0600735026 /* AtoZ */ = {
			isa = PBXNativeTarget;
			buildConfigurationList = F6AAD24A296AFF0800735026 /* Build configuration list for PBXNativeTarget "AtoZ" */;
			buildPhases = (
				F6AAD222296AFF0600735026 /* Sources */,
				F6AAD223296AFF0600735026 /* Frameworks */,
				F6AAD224296AFF0600735026 /* Resources */,
			);
			buildRules = (
			);
			dependencies = (
			);
			name = AtoZ;
			productName = AtoZ;
			productReference = F6AAD226296AFF0600735026 /* AtoZ.app */;
			productType = "com.apple.product-type.application";
		};
		F6AAD235296AFF0800735026 /* AtoZTests */ = {
			isa = PBXNativeTarget;
			buildConfigurationList = F6AAD24D296AFF0800735026 /* Build configuration list for PBXNativeTarget "AtoZTests" */;
			buildPhases = (
				F6AAD232296AFF0800735026 /* Sources */,
				F6AAD233296AFF0800735026 /* Frameworks */,
				F6AAD234296AFF0800735026 /* Resources */,
			);
			buildRules = (
			);
			dependencies = (
				F6AAD238296AFF0800735026 /* PBXTargetDependency */,
			);
			name = AtoZTests;
			productName = AtoZTests;
			productReference = F6AAD236296AFF0800735026 /* AtoZTests.xctest */;
			productType = "com.apple.product-type.bundle.unit-test";
		};
		F6AAD23F296AFF0800735026 /* AtoZUITests */ = {
			isa = PBXNativeTarget;
			buildConfigurationList = F6AAD250296AFF0800735026 /* Build configuration list for PBXNativeTarget "AtoZUITests" */;
			buildPhases = (
				F6AAD23C296AFF0800735026 /* Sources */,
				F6AAD23D296AFF0800735026 /* Frameworks */,
				F6AAD23E296AFF0800735026 /* Resources */,
			);
			buildRules = (
			);
			dependencies = (
				F6AAD242296AFF0800735026 /* PBXTargetDependency */,
			);
			name = AtoZUITests;
			productName = AtoZUITests;
			productReference = F6AAD240296AFF0800735026 /* AtoZUITests.xctest */;
			productType = "com.apple.product-type.bundle.ui-testing";
		};
/* End PBXNativeTarget section */

/* Begin PBXProject section */
		F6AAD21E296AFF0600735026 /* Project object */ = {
			isa = PBXProject;
			attributes = {
				BuildIndependentTargetsInParallel = 1;
				LastSwiftUpdateCheck = 1400;
				LastUpgradeCheck = 1400;
				TargetAttributes = {
					F6AAD225296AFF0600735026 = {
						CreatedOnToolsVersion = 14.0.1;
					};
					F6AAD235296AFF0800735026 = {
						CreatedOnToolsVersion = 14.0.1;
						TestTargetID = F6AAD225296AFF0600735026;
					};
					F6AAD23F296AFF0800735026 = {
						CreatedOnToolsVersion = 14.0.1;
						TestTargetID = F6AAD225296AFF0600735026;
					};
				};
			};
			buildConfigurationList = F6AAD221296AFF0600735026 /* Build configuration list for PBXProject "AtoZ" */;
			compatibilityVersion = "Xcode 14.0";
			developmentRegion = en;
			hasScannedForEncodings = 0;
			knownRegions = (
				en,
				Base,
			);
			mainGroup = F6AAD21D296AFF0600735026;
			productRefGroup = F6AAD227296AFF0600735026 /* Products */;
			projectDirPath = "";
			projectRoot = "";
			targets = (
				F6AAD225296AFF0600735026 /* AtoZ */,
				F6AAD235296AFF0800735026 /* AtoZTests */,
				F6AAD23F296AFF0800735026 /* AtoZUITests */,
			);
		};
/* End PBXProject section */

/* Begin PBXResourcesBuildPhase section */
		F6AAD224296AFF0600735026 /* Resources */ = {
			isa = PBXResourcesBuildPhase;
			buildActionMask = 2147483647;
			files = (
				F6AAD231296AFF0700735026 /* Preview Assets.xcassets in Resources */,
				F6AAD22E296AFF0700735026 /* Assets.xcassets in Resources */,
			);
			runOnlyForDeploymentPostprocessing = 0;
		};
		F6AAD234296AFF0800735026 /* Resources */ = {
			isa = PBXResourcesBuildPhase;
			buildActionMask = 2147483647;
			files = (
			);
			runOnlyForDeploymentPostprocessing = 0;
		};
		F6AAD23E296AFF0800735026 /* Resources */ = {
			isa = PBXResourcesBuildPhase;
			buildActionMask = 2147483647;
			files = (
			);
			runOnlyForDeploymentPostprocessing = 0;
		};
/* End PBXResourcesBuildPhase section */

/* Begin PBXSourcesBuildPhase section */
		F6AAD222296AFF0600735026 /* Sources */ = {
			isa = PBXSourcesBuildPhase;
			buildActionMask = 2147483647;
			files = (
				F6AAD22C296AFF0600735026 /* ContentView.swift in Sources */,
				F6AAD22A296AFF0600735026 /* AtoZApp.swift in Sources */,
			);
			runOnlyForDeploymentPostprocessing = 0;
		};
		F6AAD232296AFF0800735026 /* Sources */ = {
			isa = PBXSourcesBuildPhase;
			buildActionMask = 2147483647;
			files = (
				F6AAD23B296AFF0800735026 /* AtoZTests.swift in Sources */,
			);
			runOnlyForDeploymentPostprocessing = 0;
		};
		F6AAD23C296AFF0800735026 /* Sources */ = {
			isa = PBXSourcesBuildPhase;
			buildActionMask = 2147483647;
			files = (
				F6AAD247296AFF0800735026 /* AtoZUITestsLaunchTests.swift in Sources */,
				F6AAD245296AFF0800735026 /* AtoZUITests.swift in Sources */,
			);
			runOnlyForDeploymentPostprocessing = 0;
		};
/* End PBXSourcesBuildPhase section */

/* Begin PBXTargetDependency section */
		F6AAD238296AFF0800735026 /* PBXTargetDependency */ = {
			isa = PBXTargetDependency;
			target = F6AAD225296AFF0600735026 /* AtoZ */;
			targetProxy = F6AAD237296AFF0800735026 /* PBXContainerItemProxy */;
		};
		F6AAD242296AFF0800735026 /* PBXTargetDependency */ = {
			isa = PBXTargetDependency;
			target = F6AAD225296AFF0600735026 /* AtoZ */;
			targetProxy = F6AAD241296AFF0800735026 /* PBXContainerItemProxy */;
		};
/* End PBXTargetDependency section */

/* Begin XCBuildConfiguration section */
		F6AAD248296AFF0800735026 /* Debug */ = {
			isa = XCBuildConfiguration;
			buildSettings = {
				ALWAYS_SEARCH_USER_PATHS = NO;
				CLANG_ANALYZER_NONNULL = YES;
				CLANG_ANALYZER_NUMBER_OBJECT_CONVERSION = YES_AGGRESSIVE;
				CLANG_CXX_LANGUAGE_STANDARD = "gnu++20";
				CLANG_ENABLE_MODULES = YES;
				CLANG_ENABLE_OBJC_ARC = YES;
				CLANG_ENABLE_OBJC_WEAK = YES;
				CLANG_WARN_BLOCK_CAPTURE_AUTORELEASING = YES;
				CLANG_WARN_BOOL_CONVERSION = YES;
				CLANG_WARN_COMMA = YES;
				CLANG_WARN_CONSTANT_CONVERSION = YES;
				CLANG_WARN_DEPRECATED_OBJC_IMPLEMENTATIONS = YES;
				CLANG_WARN_DIRECT_OBJC_ISA_USAGE = YES_ERROR;
				CLANG_WARN_DOCUMENTATION_COMMENTS = YES;
				CLANG_WARN_EMPTY_BODY = YES;
				CLANG_WARN_ENUM_CONVERSION = YES;
				CLANG_WARN_INFINITE_RECURSION = YES;
				CLANG_WARN_INT_CONVERSION = YES;
				CLANG_WARN_NON_LITERAL_NULL_CONVERSION = YES;
				CLANG_WARN_OBJC_IMPLICIT_RETAIN_SELF = YES;
				CLANG_WARN_OBJC_LITERAL_CONVERSION = YES;
				CLANG_WARN_OBJC_ROOT_CLASS = YES_ERROR;
				CLANG_WARN_QUOTED_INCLUDE_IN_FRAMEWORK_HEADER = YES;
				CLANG_WARN_RANGE_LOOP_ANALYSIS = YES;
				CLANG_WARN_STRICT_PROTOTYPES = YES;
				CLANG_WARN_SUSPICIOUS_MOVE = YES;
				CLANG_WARN_UNGUARDED_AVAILABILITY = YES_AGGRESSIVE;
				CLANG_WARN_UNREACHABLE_CODE = YES;
				CLANG_WARN__DUPLICATE_METHOD_MATCH = YES;
				COPY_PHASE_STRIP = NO;
				DEBUG_INFORMATION_FORMAT = dwarf;
				ENABLE_STRICT_OBJC_MSGSEND = YES;
				ENABLE_TESTABILITY = YES;
				GCC_C_LANGUAGE_STANDARD = gnu11;
				GCC_DYNAMIC_NO_PIC = NO;
				GCC_NO_COMMON_BLOCKS = YES;
				GCC_OPTIMIZATION_LEVEL = 0;
				GCC_PREPROCESSOR_DEFINITIONS = (
					"DEBUG=1",
					"$(inherited)",
				);
				GCC_WARN_64_TO_32_BIT_CONVERSION = YES;
				GCC_WARN_ABOUT_RETURN_TYPE = YES_ERROR;
				GCC_WARN_UNDECLARED_SELECTOR = YES;
				GCC_WARN_UNINITIALIZED_AUTOS = YES_AGGRESSIVE;
				GCC_WARN_UNUSED_FUNCTION = YES;
				GCC_WARN_UNUSED_VARIABLE = YES;
				IPHONEOS_DEPLOYMENT_TARGET = 16.0;
				MTL_ENABLE_DEBUG_INFO = INCLUDE_SOURCE;
				MTL_FAST_MATH = YES;
				ONLY_ACTIVE_ARCH = YES;
				SDKROOT = iphoneos;
				SWIFT_ACTIVE_COMPILATION_CONDITIONS = DEBUG;
				SWIFT_OPTIMIZATION_LEVEL = "-Onone";
			};
			name = Debug;
		};
		F6AAD249296AFF0800735026 /* Release */ = {
			isa = XCBuildConfiguration;
			buildSettings = {
				ALWAYS_SEARCH_USER_PATHS = NO;
				CLANG_ANALYZER_NONNULL = YES;
				CLANG_ANALYZER_NUMBER_OBJECT_CONVERSION = YES_AGGRESSIVE;
				CLANG_CXX_LANGUAGE_STANDARD = "gnu++20";
				CLANG_ENABLE_MODULES = YES;
				CLANG_ENABLE_OBJC_ARC = YES;
				CLANG_ENABLE_OBJC_WEAK = YES;
				CLANG_WARN_BLOCK_CAPTURE_AUTORELEASING = YES;
				CLANG_WARN_BOOL_CONVERSION = YES;
				CLANG_WARN_COMMA = YES;
				CLANG_WARN_CONSTANT_CONVERSION = YES;
				CLANG_WARN_DEPRECATED_OBJC_IMPLEMENTATIONS = YES;
				CLANG_WARN_DIRECT_OBJC_ISA_USAGE = YES_ERROR;
				CLANG_WARN_DOCUMENTATION_COMMENTS = YES;
				CLANG_WARN_EMPTY_BODY = YES;
				CLANG_WARN_ENUM_CONVERSION = YES;
				CLANG_WARN_INFINITE_RECURSION = YES;
				CLANG_WARN_INT_CONVERSION = YES;
				CLANG_WARN_NON_LITERAL_NULL_CONVERSION = YES;
				CLANG_WARN_OBJC_IMPLICIT_RETAIN_SELF = YES;
				CLANG_WARN_OBJC_LITERAL_CONVERSION = YES;
				CLANG_WARN_OBJC_ROOT_CLASS = YES_ERROR;
				CLANG_WARN_QUOTED_INCLUDE_IN_FRAMEWORK_HEADER = YES;
				CLANG_WARN_RANGE_LOOP_ANALYSIS = YES;
				CLANG_WARN_STRICT_PROTOTYPES = YES;
				CLANG_WARN_SUSPICIOUS_MOVE = YES;
				CLANG_WARN_UNGUARDED_AVAILABILITY = YES_AGGRESSIVE;
				CLANG_WARN_UNREACHABLE_CODE = YES;
				CLANG_WARN__DUPLICATE_METHOD_MATCH = YES;
				COPY_PHASE_STRIP = NO;
				DEBUG_INFORMATION_FORMAT = "dwarf-with-dsym";
				ENABLE_NS_ASSERTIONS = NO;
				ENABLE_STRICT_OBJC_MSGSEND = YES;
				GCC_C_LANGUAGE_STANDARD = gnu11;
				GCC_NO_COMMON_BLOCKS = YES;
				GCC_WARN_64_TO_32_BIT_CONVERSION = YES;
				GCC_WARN_ABOUT_RETURN_TYPE = YES_ERROR;
				GCC_WARN_UNDECLARED_SELECTOR = YES;
				GCC_WARN_UNINITIALIZED_AUTOS = YES_AGGRESSIVE;
				GCC_WARN_UNUSED_FUNCTION = YES;
				GCC_WARN_UNUSED_VARIABLE = YES;
				IPHONEOS_DEPLOYMENT_TARGET = 16.0;
				MTL_ENABLE_DEBUG_INFO = NO;
				MTL_FAST_MATH = YES;
				SDKROOT = iphoneos;
				SWIFT_COMPILATION_MODE = wholemodule;
				SWIFT_OPTIMIZATION_LEVEL = "-O";
				VALIDATE_PRODUCT = YES;
			};
			name = Release;
		};
		F6AAD24B296AFF0800735026 /* Debug */ = {
			isa = XCBuildConfiguration;
			buildSettings = {
				ASSETCATALOG_COMPILER_APPICON_NAME = AppIcon;
				ASSETCATALOG_COMPILER_GLOBAL_ACCENT_COLOR_NAME = AccentColor;
				CODE_SIGN_STYLE = Automatic;
				CURRENT_PROJECT_VERSION = 1;
				DEVELOPMENT_ASSET_PATHS = "\"AtoZ/Preview Content\"";
				ENABLE_PREVIEWS = YES;
				GENERATE_INFOPLIST_FILE = YES;
				INFOPLIST_KEY_UIApplicationSceneManifest_Generation = YES;
				INFOPLIST_KEY_UIApplicationSupportsIndirectInputEvents = YES;
				INFOPLIST_KEY_UILaunchScreen_Generation = YES;
				INFOPLIST_KEY_UISupportedInterfaceOrientations_iPad = "UIInterfaceOrientationPortrait UIInterfaceOrientationPortraitUpsideDown UIInterfaceOrientationLandscapeLeft UIInterfaceOrientationLandscapeRight";
				INFOPLIST_KEY_UISupportedInterfaceOrientations_iPhone = "UIInterfaceOrientationPortrait UIInterfaceOrientationLandscapeLeft UIInterfaceOrientationLandscapeRight";
				LD_RUNPATH_SEARCH_PATHS = (
					"$(inherited)",
					"@executable_path/Frameworks",
				);
				MARKETING_VERSION = 1.0;
				PRODUCT_BUNDLE_IDENTIFIER = "apple-academy.AtoZ";
				PRODUCT_NAME = "$(TARGET_NAME)";
				SWIFT_EMIT_LOC_STRINGS = YES;
				SWIFT_VERSION = 5.0;
				TARGETED_DEVICE_FAMILY = "1,2";
			};
			name = Debug;
		};
		F6AAD24C296AFF0800735026 /* Release */ = {
			isa = XCBuildConfiguration;
			buildSettings = {
				ASSETCATALOG_COMPILER_APPICON_NAME = AppIcon;
				ASSETCATALOG_COMPILER_GLOBAL_ACCENT_COLOR_NAME = AccentColor;
				CODE_SIGN_STYLE = Automatic;
				CURRENT_PROJECT_VERSION = 1;
				DEVELOPMENT_ASSET_PATHS = "\"AtoZ/Preview Content\"";
				ENABLE_PREVIEWS = YES;
				GENERATE_INFOPLIST_FILE = YES;
				INFOPLIST_KEY_UIApplicationSceneManifest_Generation = YES;
				INFOPLIST_KEY_UIApplicationSupportsIndirectInputEvents = YES;
				INFOPLIST_KEY_UILaunchScreen_Generation = YES;
				INFOPLIST_KEY_UISupportedInterfaceOrientations_iPad = "UIInterfaceOrientationPortrait UIInterfaceOrientationPortraitUpsideDown UIInterfaceOrientationLandscapeLeft UIInterfaceOrientationLandscapeRight";
				INFOPLIST_KEY_UISupportedInterfaceOrientations_iPhone = "UIInterfaceOrientationPortrait UIInterfaceOrientationLandscapeLeft UIInterfaceOrientationLandscapeRight";
				LD_RUNPATH_SEARCH_PATHS = (
					"$(inherited)",
					"@executable_path/Frameworks",
				);
				MARKETING_VERSION = 1.0;
				PRODUCT_BUNDLE_IDENTIFIER = "apple-academy.AtoZ";
				PRODUCT_NAME = "$(TARGET_NAME)";
				SWIFT_EMIT_LOC_STRINGS = YES;
				SWIFT_VERSION = 5.0;
				TARGETED_DEVICE_FAMILY = "1,2";
			};
			name = Release;
		};
		F6AAD24E296AFF0800735026 /* Debug */ = {
			isa = XCBuildConfiguration;
			buildSettings = {
				ALWAYS_EMBED_SWIFT_STANDARD_LIBRARIES = YES;
				BUNDLE_LOADER = "$(TEST_HOST)";
				CODE_SIGN_STYLE = Automatic;
				CURRENT_PROJECT_VERSION = 1;
				GENERATE_INFOPLIST_FILE = YES;
				IPHONEOS_DEPLOYMENT_TARGET = 16.0;
				MARKETING_VERSION = 1.0;
				PRODUCT_BUNDLE_IDENTIFIER = "apple-academy.AtoZTests";
				PRODUCT_NAME = "$(TARGET_NAME)";
				SWIFT_EMIT_LOC_STRINGS = NO;
				SWIFT_VERSION = 5.0;
				TARGETED_DEVICE_FAMILY = "1,2";
				TEST_HOST = "$(BUILT_PRODUCTS_DIR)/AtoZ.app/$(BUNDLE_EXECUTABLE_FOLDER_PATH)/AtoZ";
			};
			name = Debug;
		};
		F6AAD24F296AFF0800735026 /* Release */ = {
			isa = XCBuildConfiguration;
			buildSettings = {
				ALWAYS_EMBED_SWIFT_STANDARD_LIBRARIES = YES;
				BUNDLE_LOADER = "$(TEST_HOST)";
				CODE_SIGN_STYLE = Automatic;
				CURRENT_PROJECT_VERSION = 1;
				GENERATE_INFOPLIST_FILE = YES;
				IPHONEOS_DEPLOYMENT_TARGET = 16.0;
				MARKETING_VERSION = 1.0;
				PRODUCT_BUNDLE_IDENTIFIER = "apple-academy.AtoZTests";
				PRODUCT_NAME = "$(TARGET_NAME)";
				SWIFT_EMIT_LOC_STRINGS = NO;
				SWIFT_VERSION = 5.0;
				TARGETED_DEVICE_FAMILY = "1,2";
				TEST_HOST = "$(BUILT_PRODUCTS_DIR)/AtoZ.app/$(BUNDLE_EXECUTABLE_FOLDER_PATH)/AtoZ";
			};
			name = Release;
		};
		F6AAD251296AFF0800735026 /* Debug */ = {
			isa = XCBuildConfiguration;
			buildSettings = {
				ALWAYS_EMBED_SWIFT_STANDARD_LIBRARIES = YES;
				CODE_SIGN_STYLE = Automatic;
				CURRENT_PROJECT_VERSION = 1;
				GENERATE_INFOPLIST_FILE = YES;
				MARKETING_VERSION = 1.0;
				PRODUCT_BUNDLE_IDENTIFIER = "apple-academy.AtoZUITests";
				PRODUCT_NAME = "$(TARGET_NAME)";
				SWIFT_EMIT_LOC_STRINGS = NO;
				SWIFT_VERSION = 5.0;
				TARGETED_DEVICE_FAMILY = "1,2";
				TEST_TARGET_NAME = AtoZ;
			};
			name = Debug;
		};
		F6AAD252296AFF0800735026 /* Release */ = {
			isa = XCBuildConfiguration;
			buildSettings = {
				ALWAYS_EMBED_SWIFT_STANDARD_LIBRARIES = YES;
				CODE_SIGN_STYLE = Automatic;
				CURRENT_PROJECT_VERSION = 1;
				GENERATE_INFOPLIST_FILE = YES;
				MARKETING_VERSION = 1.0;
				PRODUCT_BUNDLE_IDENTIFIER = "apple-academy.AtoZUITests";
				PRODUCT_NAME = "$(TARGET_NAME)";
				SWIFT_EMIT_LOC_STRINGS = NO;
				SWIFT_VERSION = 5.0;
				TARGETED_DEVICE_FAMILY = "1,2";
				TEST_TARGET_NAME = AtoZ;
			};
			name = Release;
		};
/* End XCBuildConfiguration section */

/* Begin XCConfigurationList section */
		F6AAD221296AFF0600735026 /* Build configuration list for PBXProject "AtoZ" */ = {
			isa = XCConfigurationList;
			buildConfigurations = (
				F6AAD248296AFF0800735026 /* Debug */,
				F6AAD249296AFF0800735026 /* Release */,
			);
			defaultConfigurationIsVisible = 0;
			defaultConfigurationName = Release;
		};
		F6AAD24A296AFF0800735026 /* Build configuration list for PBXNativeTarget "AtoZ" */ = {
			isa = XCConfigurationList;
			buildConfigurations = (
				F6AAD24B296AFF0800735026 /* Debug */,
				F6AAD24C296AFF0800735026 /* Release */,
			);
			defaultConfigurationIsVisible = 0;
			defaultConfigurationName = Release;
		};
		F6AAD24D296AFF0800735026 /* Build configuration list for PBXNativeTarget "AtoZTests" */ = {
			isa = XCConfigurationList;
			buildConfigurations = (
				F6AAD24E296AFF0800735026 /* Debug */,
				F6AAD24F296AFF0800735026 /* Release */,
			);
			defaultConfigurationIsVisible = 0;
			defaultConfigurationName = Release;
		};
		F6AAD250296AFF0800735026 /* Build configuration list for PBXNativeTarget "AtoZUITests" */ = {
			isa = XCConfigurationList;
			buildConfigurations = (
				F6AAD251296AFF0800735026 /* Debug */,
				F6AAD252296AFF0800735026 /* Release */,
			);
			defaultConfigurationIsVisible = 0;
			defaultConfigurationName = Release;
		};
/* End XCConfigurationList section */
	};
	rootObject = F6AAD21E296AFF0600735026 /* Project object */;
}
